
Microsoft Visual Studio Solution File, Format Version 12.00
# Visual Studio Version 17
VisualStudioVersion = 17.4.33205.214
MinimumVisualStudioVersion = 10.0.40219.1
Project("{9A19103F-16F7-4668-BE54-9A1E7A4F7556}") = "Qwiik", "Qwiik.csproj", "{DDC81FDC-5093-4DB8-AAD6-9864E5D01F15}"
EndProject
Project("{FAE04EC0-301F-11D3-BF4B-00C04F79EFBC}") = "Qwiik.Tests", "..\Qwiik.Tests\Qwiik.Tests.csproj", "{C6AA9C38-7ACB-48D6-8844-7466FE987387}"
EndProject
Global
	GlobalSection(SolutionConfigurationPlatforms) = preSolution
		Debug|Any CPU = Debug|Any CPU
		Release|Any CPU = Release|Any CPU
	EndGlobalSection
	GlobalSection(ProjectConfigurationPlatforms) = postSolution
		{DDC81FDC-5093-4DB8-AAD6-9864E5D01F15}.Debug|Any CPU.ActiveCfg = Debug|Any CPU
		{DDC81FDC-5093-4DB8-AAD6-9864E5D01F15}.Debug|Any CPU.Build.0 = Debug|Any CPU
		{DDC81FDC-5093-4DB8-AAD6-9864E5D01F15}.Release|Any CPU.ActiveCfg = Release|Any CPU
		{DDC81FDC-5093-4DB8-AAD6-9864E5D01F15}.Release|Any CPU.Build.0 = Release|Any CPU
		{C6AA9C38-7ACB-48D6-8844-7466FE987387}.Debug|Any CPU.ActiveCfg = Debug|Any CPU
		{C6AA9C38-7ACB-48D6-8844-7466FE987387}.Debug|Any CPU.Build.0 = Debug|Any CPU
		{C6AA9C38-7ACB-48D6-8844-7466FE987387}.Release|Any CPU.ActiveCfg = Release|Any CPU
		{C6AA9C38-7ACB-48D6-8844-7466FE987387}.Release|Any CPU.Build.0 = Release|Any CPU
	EndGlobalSection
	GlobalSection(SolutionProperties) = preSolution
		HideSolutionNode = FALSE
	EndGlobalSection
	GlobalSection(ExtensibilityGlobals) = postSolution
		SolutionGuid = {B798BB61-AAA1-4072-9FB0-97EB71B75F1F}
	EndGlobalSection
EndGlobal
